cloud.google.com/go v0.123.0 h1:2NAUJwPR47q+E35uaJeYoNhuNEM9kM8SjgRgdeOJUSE=
cloud.google.com/go v0.123.0/go.mod h1:xBoMV08QcqUGuPW65Qfm1o9Y4zKZBpGS+7bImXLTAZU=
cloud.google.com/go/auth v0.18.2 h1:+Nbt5Ev0xEqxlNjd6c+yYUeosQ5TtEUaNcN/3FozlaM=
cloud.google.com/go/auth v0.18.2/go.mod h1:xD+oY7gcahcu7G2SG2DsBerfFxgPAJz17zz2joOFF3M=
cloud.google.com/go/auth/oauth2adapt v0.2.8 h1:keo8NaayQZ6wimpNSmW5OPc283g65QNIiLpZnkHRbnc=
cloud.google.com/go/auth/oauth2adapt v0.2.8/go.mod h1:XQ9y31RkqZCcwJWNSx2Xvric3RrU88hAYYbjDWYDL+c=
cloud.google.com/go/compute v1.57.0 h1:uACoYJCUftJxxoI7si8u1S9szRDalftrWSjo1Dizfx4=
cloud.google.com/go/compute v1.57.0/go.mod h1:3shEe5By6FSIqBbZJBuqC0InvJKBKUiWZjrwGd1wkyA=
cloud.google.com/go/compute/metadata v0.9.0 h1:pDUj4QMoPejqq20dK0Pg2N4yG9zIkYGdBtwLoEkH9Zs=
cloud.google.com/go/compute/metadata v0.9.0/go.mod h1:E0bWwX5wTnLPedCKqk3pJmVgCBSM6qQI1yTBdEb3C10=
cloud.google.com/go/container v1.46.0 h1:xX94Lo3xrS5OkdMWKvpEVAbBwjN9uleVv6vOi02fL4s=
cloud.google.com/go/container v1.46.0/go.mod h1:A7gMqdQduTk46+zssWDTKbGS2z46UsJNXfKqvMI1ZO4=
cloud.google.com/go/iam v1.5.3 h1:+vMINPiDF2ognBJ97ABAYYwRgsaqxPbQDlMnbHMjolc=
cloud.google.com/go/iam v1.5.3/go.mod h1:MR3v9oLkZCTlaqljW6Eb2d3HGDGK5/bDv93jhfISFvU=
cloud.google.com/go/longrunning v0.8.0 h1:LiKK77J3bx5gDLi4SMViHixjD2ohlkwBi+mKA7EhfW8=
cloud.google.com/go/longrunning v0.8.0/go.mod h1:UmErU2Onzi+fKDg2gR7dusz11Pe26aknR4kHmJJqIfk=
cloud.google.com/go/networkconnectivity v1.21.0 h1:WS5XTNWyLODLO5YmftQmDIZtAa2DYYmRf/neRCLIWHA=
cloud.google.com/go/networkconnectivity v1.21.0/go.mod h1:XC1UJ+tqBsLWz73dqrMc7kUvdTv0FIxtDGv6YntTBO0=
cloud.google.com/go/resourcemanager v1.10.7 h1:oPZKIdjyVTuag+D4HF7HO0mnSqcqgjcuA18xblwA0V0=
cloud.google.com/go/resourcemanager v1.10.7/go.mod h1:rScGkr6j2eFwxAjctvOP/8sqnEpDbQ9r5CKwKfomqjs=
github.com/Azure/azure-sdk-for-go/sdk/azcore v1.21.0 h1:fou+2+WFTib47nS+nz/ozhEBnvU96bKHy6LjRsY4E28=
github.com/Azure/azure-sdk-for-go/sdk/azcore v1.21.0/go.mod h1:t76Ruy8AHvUAC8GfMWJMa0ElSbuIcO03NLpynfbgsPA=
github.com/Azure/azure-sdk-for-go/sdk/azidentity v1.13.1 h1:Hk5QBxZQC1jb2Fwj6mpzme37xbCDdNTxU7O9eb5+LB4=
github.com/Azure/azure-sdk-for-go/sdk/azidentity v1.13.1/go.mod h1:IYus9qsFobWIc2YVwe/WPjcnyCkPKtnHAqUYeebc8z0=
github.com/Azure/azure-sdk-for-go/sdk/azidentity/cache v0.3.2 h1:yz1bePFlP5Vws5+8ez6T3HWXPmwOK7Yvq8QxDBD3SKY=
github.com/Azure/azure-sdk-for-go/sdk/azidentity/cache v0.3.2/go.mod h1:Pa9ZNPuoNu/GztvBSKk9J1cDJW6vk/n0zLtV4mgd8N8=
github.com/Azure/azure-sdk-for-go/sdk/internal v1.11.2 h1:9iefClla7iYpfYWdzPCRDozdmndjTm8DXdpCzPajMgA=
github.com/Azure/azure-sdk-for-go/sdk/internal v1.11.2/go.mod h1:XtLgD3ZD34DAaVIIAyG3objl5DynM3CQ/vMcbBNJZGI=
github.com/Azure/azure-sdk-for-go/sdk/resourcemanager/dns/armdns v1.2.0 h1:lpOxwrQ919lCZoNCd69rVt8u1eLZuMORrGXqy8sNf3c=
github.com/Azure/azure-sdk-for-go/sdk/resourcemanager/dns/armdns v1.2.0/go.mod h1:fSvRkb8d26z9dbL40Uf/OO6Vo9iExtZK3D0ulRV+8M0=
github.com/Azure/azure-sdk-for-go/sdk/resourcemanager/internal/v2 v2.0.0 h1:PTFGRSlMKCQelWwxUyYVEUqseBJVemLyqWJjvMyt0do=
github.com/Azure/azure-sdk-for-go/sdk/resourcemanager/internal/v2 v2.0.0/go.mod h1:LRr2FzBTQlONPPa5HREE5+RjSCTXl7BwOvYOaWTqCaI=
github.com/Azure/azure-sdk-for-go/sdk/resourcemanager/internal/v3 v3.1.0 h1:2qsIIvxVT+uE6yrNldntJKlLRgxGbZ85kgtz5SNBhMw=
github.com/Azure/azure-sdk-for-go/sdk/resourcemanager/internal/v3 v3.1.0/go.mod h1:AW8VEadnhw9xox+VaVd9sP7NjzOAnaZBLRH6Tq3cJ38=
github.com/Azure/azure-sdk-for-go/sdk/resourcemanager/managementgroups/armmanagementgroups v1.0.0 h1:pPvTJ1dY0sA35JOeFq6TsY2xj6Z85Yo23Pj4wCCvu4o=
github.com/Azure/azure-sdk-for-go/sdk/resourcemanager/managementgroups/armmanagementgroups v1.0.0/go.mod h1:mLfWfj8v3jfWKsL9G4eoBoXVcsqcIUTapmdKy7uGOp0=
github.com/Azure/azure-sdk-for-go/sdk/resourcemanager/network/armnetwork/v6 v6.2.0 h1:HYGD75g0bQ3VO/Omedm54v4LrD3B1cGImuRF3AJ5wLo=
github.com/Azure/azure-sdk-for-go/sdk/resourcemanager/network/armnetwork/v6 v6.2.0/go.mod h1:ulHyBFJOI0ONiRL4vcJTmS7rx18jQQlEPmAgo80cRdM=
github.com/Azure/azure-sdk-for-go/sdk/resourcemanager/privatedns/armprivatedns v1.3.0 h1:yzrctSl9GMIQ5lHu7jc8olOsGjWDCsBpJhWqfGa/YIM=
github.com/Azure/azure-sdk-for-go/sdk/resourcemanager/privatedns/armprivatedns v1.3.0/go.mod h1:GE4m0rnnfwLGX0Y9A9A25Zx5N/90jneT5ABevqzhuFQ=
github.com/Azure/azure-sdk-for-go/sdk/resourcemanager/resources/armresources v1.2.0 h1:Dd+RhdJn0OTtVGaeDLZpcumkIVCtA/3/Fo42+eoYvVM=
github.com/Azure/azure-sdk-for-go/sdk/resourcemanager/resources/armresources v1.2.0/go.mod h1:5kakwfW5CjC9KK+Q4wjXAg+ShuIm2mBMua0ZFj2C8PE=
github.com/Azure/azure-sdk-for-go/sdk/resourcemanager/resources/armsubscriptions v1.3.0 h1:wxQx2Bt4xzPIKvW59WQf1tJNx/ZZKPfN+EhPX3Z6CYY=
github.com/Azure/azure-sdk-for-go/sdk/resourcemanager/resources/armsubscriptions v1.3.0/go.mod h1:TpiwjwnW/khS0LKs4vW5UmmT9OWcxaveS8U7+tlknzo=
github.com/Azure/go-ntlmssp v0.1.1 h1:l+FM/EEMb0U9QZE7mKNEDw5Mu3mFiaa2GKOoTSsNDPw=
github.com/Azure/go-ntlmssp v0.1.1/go.mod h1:NYqdhxd/8aAct/s4qSYZEerdPuH1liG2/X9DiVTbhpk=
github.com/AzureAD/microsoft-authentication-extensions-for-go/cache v0.1.1 h1:WJTmL004Abzc5wDB5VtZG2PJk5ndYDgVacGqfirKxjM=
github.com/AzureAD/microsoft-authentication-extensions-for-go/cache v0.1.1/go.mod h1:tCcJZ0uHAmvjsVYzEFivsRTN00oz5BEsRgQHu5JZ9WE=
github.com/AzureAD/microsoft-authentication-library-for-go v1.6.0 h1:XRzhVemXdgvJqCH0sFfrBUTnUJSBrBf7++ypk+twtRs=
github.com/AzureAD/microsoft-authentication-library-for-go v1.6.0/go.mod h1:HKpQxkWaGLJ+D/5H8QRpyQXA1eKjxkFlOMwck5+33Jk=
github.com/ChrisTrenkamp/goxpath v0.0.0-20210404020558-97928f7e12b6 h1:w0E0fgc1YafGEh5cROhlROMWXiNoZqApk2PDN0M1+Ns=
github.com/ChrisTrenkamp/goxpath v0.0.0-20210404020558-97928f7e12b6/go.mod h1:nuWgzSkT5PnyOd+272uUmV0dnAnAn42Mk7PiQC5VzN4=
github.com/aws/aws-sdk-go-v2 v1.41.4 h1:10f50G7WyU02T56ox1wWXq+zTX9I1zxG46HYuG1hH/k=
github.com/aws/aws-sdk-go-v2 v1.41.4/go.mod h1:mwsPRE8ceUUpiTgF7QmQIJ7lgsKUPQOUl3o72QBrE1o=
github.com/aws/aws-sdk-go-v2/config v1.32.12 h1:O3csC7HUGn2895eNrLytOJQdoL2xyJy0iYXhoZ1OmP0=
github.com/aws/aws-sdk-go-v2/config v1.32.12/go.mod h1:96zTvoOFR4FURjI+/5wY1vc1ABceROO4lWgWJuxgy0g=
github.com/aws/aws-sdk-go-v2/credentials v1.19.12 h1:oqtA6v+y5fZg//tcTWahyN9PEn5eDU/Wpvc2+kJ4aY8=
github.com/aws/aws-sdk-go-v2/credentials v1.19.12/go.mod h1:U3R1RtSHx6NB0DvEQFGyf/0sbrpJrluENHdPy1j/3TE=
github.com/aws/aws-sdk-go-v2/feature/ec2/imds v1.18.20 h1:zOgq3uezl5nznfoK3ODuqbhVg1JzAGDUhXOsU0IDCAo=
github.com/aws/aws-sdk-go-v2/feature/ec2/imds v1.18.20/go.mod h1:z/MVwUARehy6GAg/yQ1GO2IMl0k++cu1ohP9zo887wE=
github.com/aws/aws-sdk-go-v2/internal/configsources v1.4.20 h1:CNXO7mvgThFGqOFgbNAP2nol2qAWBOGfqR/7tQlvLmc=
github.com/aws/aws-sdk-go-v2/internal/configsources v1.4.20/go.mod h1:oydPDJKcfMhgfcgBUZaG+toBbwy8yPWubJXBVERtI4o=
github.com/aws/aws-sdk-go-v2/internal/endpoints/v2 v2.7.20 h1:tN6W/hg+pkM+tf9XDkWUbDEjGLb+raoBMFsTodcoYKw=
github.com/aws/aws-sdk-go-v2/internal/endpoints/v2 v2.7.20/go.mod h1:YJ898MhD067hSHA6xYCx5ts/jEd8BSOLtQDL3iZsvbc=
github.com/aws/aws-sdk-go-v2/internal/ini v1.8.6 h1:qYQ4pzQ2Oz6WpQ8T3HvGHnZydA72MnLuFK9tJwmrbHw=
github.com/aws/aws-sdk-go-v2/internal/ini v1.8.6/go.mod h1:O3h0IK87yXci+kg6flUKzJnWeziQUKciKrLjcatSNcY=
github.com/aws/aws-sdk-go-v2/service/ec2 v1.296.0 h1:98Miqj16un1WLNyM1RjVDhXYumhqZrQfAeG8i4jPG6o=
github.com/aws/aws-sdk-go-v2/service/ec2 v1.296.0/go.mod h1:T6ndRfdhnXLIY5oKBHjYZDVj706los2zGdpThppquvA=
github.com/aws/aws-sdk-go-v2/service/elasticloadbalancingv2 v1.54.9 h1:F7t1rvo++Bv9mTsFbd/0gThSx8vZqdHmIAURQ4dc8Jc=
github.com/aws/aws-sdk-go-v2/service/elasticloadbalancingv2 v1.54.9/go.mod h1:1ethHYerpOsRYxSkV8mFNNDmDWPqCdLcrUmdd7aUYN4=
github.com/aws/aws-sdk-go-v2/service/iam v1.53.6 h1:GPQvvxy8+FDnD9xKYzGKJMjIm5xkVM5pd3bFgRldNSo=
github.com/aws/aws-sdk-go-v2/service/iam v1.53.6/go.mod h1:RJNVc52A0K41fCDJOnsCLeWJf8mwa0q30fM3CfE9U18=
github.com/aws/aws-sdk-go-v2/service/internal/accept-encoding v1.13.7 h1:5EniKhLZe4xzL7a+fU3C2tfUN4nWIqlLesfrjkuPFTY=
github.com/aws/aws-sdk-go-v2/service/internal/accept-encoding v1.13.7/go.mod h1:x0nZssQ3qZSnIcePWLvcoFisRXJzcTVvYpAAdYX8+GI=
github.com/aws/aws-sdk-go-v2/service/internal/presigned-url v1.13.20 h1:2HvVAIq+YqgGotK6EkMf+KIEqTISmTYh5zLpYyeTo1Y=
github.com/aws/aws-sdk-go-v2/service/internal/presigned-url v1.13.20/go.mod h1:V4X406Y666khGa8ghKmphma/7C0DAtEQYhkq9z4vpbk=
github.com/aws/aws-sdk-go-v2/service/organizations v1.50.5 h1:V0skJdwjmwcaxtGy2ws1WdBhG5Nkz6A/Ghvl6HXwzNc=
github.com/aws/aws-sdk-go-v2/service/organizations v1.50.5/go.mod h1:GIRcFyaju2WCHMsO1JkoSxBUGgXplULEXIJYdevIba4=
github.com/aws/aws-sdk-go-v2/service/route53 v1.62.4 h1:64aYPyHg3RjLvnMMSYQSg7aP+r1WRCPIS9SP9KfHjWg=
github.com/aws/aws-sdk-go-v2/service/route53 v1.62.4/go.mod h1:bPSPzWTn9LSX6e0KPp4LlPoaspouZdKAlIdSMdhBBrs=
github.com/aws/aws-sdk-go-v2/service/route53resolver v1.42.4 h1:ojYnmBtmNKVserTmjnBHns5PHY5fp/dpPrqK2vEKt7c=
github.com/aws/aws-sdk-go-v2/service/route53resolver v1.42.4/go.mod h1:6b78JGskRGOzjEwHrXWP/JnFDEcR7vNoCqpyGk7ug6I=
github.com/aws/aws-sdk-go-v2/service/signin v1.0.8 h1:0GFOLzEbOyZABS3PhYfBIx2rNBACYcKty+XGkTgw1ow=
github.com/aws/aws-sdk-go-v2/service/signin v1.0.8/go.mod h1:LXypKvk85AROkKhOG6/YEcHFPoX+prKTowKnVdcaIxE=
github.com/aws/aws-sdk-go-v2/service/sso v1.30.13 h1:kiIDLZ005EcKomYYITtfsjn7dtOwHDOFy7IbPXKek2o=
github.com/aws/aws-sdk-go-v2/service/sso v1.30.13/go.mod h1:2h/xGEowcW/g38g06g3KpRWDlT+OTfxxI0o1KqayAB8=
github.com/aws/aws-sdk-go-v2/service/ssooidc v1.35.17 h1:jzKAXIlhZhJbnYwHbvUQZEB8KfgAEuG0dc08Bkda7NU=
github.com/aws/aws-sdk-go-v2/service/ssooidc v1.35.17/go.mod h1:Al9fFsXjv4KfbzQHGe6V4NZSZQXecFcvaIF4e70FoRA=
github.com/aws/aws-sdk-go-v2/service/sts v1.41.9 h1:Cng+OOwCHmFljXIxpEVXAGMnBia8MSU6Ch5i9PgBkcU=
github.com/aws/aws-sdk-go-v2/service/sts v1.41.9/go.mod h1:LrlIndBDdjA/EeXeyNBle+gyCwTlizzW5ycgWnvIxkk=
github.com/aws/smithy-go v1.24.2 h1:FzA3bu/nt/vDvmnkg+R8Xl46gmzEDam6mZ1hzmwXFng=
github.com/aws/smithy-go v1.24.2/go.mod h1:YE2RhdIuDbA5E5bTdciG9KrW3+TiEONeUWCqxX9i1Fc=
github.com/bodgit/ntlmssp v0.0.0-20240506230425-31973bb52d9b h1:baFN6AnR0SeC194X2D292IUZcHDs4JjStpqtE70fjXE=
github.com/bodgit/ntlmssp v0.0.0-20240506230425-31973bb52d9b/go.mod h1:Ram6ngyPDmP+0t6+4T2rymv0w0BS9N8Ch5vvUJccw5o=
github.com/bodgit/windows v1.0.1 h1:tF7K6KOluPYygXa3Z2594zxlkbKPAOvqr97etrGNIz4=
github.com/bodgit/windows v1.0.1/go.mod h1:a6JLwrB4KrTR5hBpp8FI9/9W9jJfeQ2h4XDXU74ZCdM=
github.com/cespare/xxhash/v2 v2.3.0 h1:UL815xU9SqsFlibzuggzjXhog7bL6oX9BbNZnL2UFvs=
github.com/cespare/xxhash/v2 v2.3.0/go.mod h1:VGX0DQ3Q6kWi7AoAeZDth3/j3BFtOZR5XLFGgcrjCOs=
github.com/cncf/xds/go v0.0.0-20251210132809-ee656c7534f5 h1:6xNmx7iTtyBRev0+D/Tv1FZd4SCg8axKApyNyRsAt/w=
github.com/cncf/xds/go v0.0.0-20251210132809-ee656c7534f5/go.mod h1:KdCmV+x/BuvyMxRnYBlmVaq4OLiKW6iRQfvC62cvdkI=
github.com/davecgh/go-spew v1.1.0/go.mod h1:J7Y8YcW2NihsgmVo/mv3lAwl/skON4iLHjSsI+c5H38=
github.com/davecgh/go-spew v1.1.1 h1:vj9j/u1bqnvCEfJOwUhtlOARqs3+rkHYY13jYWTU97c=
github.com/davecgh/go-spew v1.1.1/go.mod h1:J7Y8YcW2NihsgmVo/mv3lAwl/skON4iLHjSsI+c5H38=
github.com/envoyproxy/go-control-plane v0.14.0 h1:hbG2kr4RuFj222B6+7T83thSPqLjwBIfQawTkC++2HA=
github.com/envoyproxy/go-control-plane/envoy v1.36.0 h1:yg/JjO5E7ubRyKX3m07GF3reDNEnfOboJ0QySbH736g=
github.com/envoyproxy/go-control-plane/envoy v1.36.0/go.mod h1:ty89S1YCCVruQAm9OtKeEkQLTb+Lkz0k8v9W0Oxsv98=
github.com/envoyproxy/protoc-gen-validate v1.3.0 h1:TvGH1wof4H33rezVKWSpqKz5NXWg5VPuZ0uONDT6eb4=
github.com/envoyproxy/protoc-gen-validate v1.3.0/go.mod h1:HvYl7zwPa5mffgyeTUHA9zHIH36nmrm7oCbo4YKoSWA=
github.com/felixge/httpsnoop v1.0.4 h1:NFTV2Zj1bL4mc9sqWACXbQFVBBg2W3GPvqp8/ESS2Wg=
github.com/felixge/httpsnoop v1.0.4/go.mod h1:m8KPJKqk1gH5J9DgRY2ASl2lWCfGKXixSwevea8zH2U=
github.com/go-chi/chi/v5 v5.2.5 h1:Eg4myHZBjyvJmAFjFvWgrqDTXFyOzjj7YIm3L3mu6Ug=
github.com/go-chi/chi/v5 v5.2.5/go.mod h1:X7Gx4mteadT3eDOMTsXzmI4/rwUpOwBHLpAfupzFJP0=
github.com/go-logr/logr v1.2.2/go.mod h1:jdQByPbusPIv2/zmleS9BjJVeZ6kBagPoEUsqbVz/1A=
github.com/go-logr/logr v1.4.3 h1:CjnDlHq8ikf6E492q6eKboGOC0T8CDaOvkHCIg8idEI=
github.com/go-logr/logr v1.4.3/go.mod h1:9T104GzyrTigFIr8wt5mBrctHMim0Nb2HLGrmQ40KvY=
github.com/go-logr/stdr v1.2.2 h1:hSWxHoqTgW2S2qGc0LTAI563KZ5YKYRhT3MFKZMbjag=
github.com/go-logr/stdr v1.2.2/go.mod h1:mMo/vtBO5dYbehREoey6XUKy/eSumjCCveDpRre4VKE=
github.com/gofrs/uuid v4.4.0+incompatible h1:3qXRTX8/NbyulANqlc0lchS1gqAVxRgsuW1YrTJupqA=
github.com/gofrs/uuid v4.4.0+incompatible/go.mod h1:b2aQJv3Z4Fp6yNu3cdSllBxTCLRxnplIgP/c0N/04lM=
github.com/golang-jwt/jwt/v5 v5.3.0 h1:pv4AsKCKKZuqlgs5sUmn4x8UlGa0kEVt/puTpKx9vvo=
github.com/golang-jwt/jwt/v5 v5.3.0/go.mod h1:fxCRLWMO43lRc8nhHWY6LGqRcf+1gQWArsqaEUEa5bE=
github.com/golang/protobuf v1.5.4 h1:i7eJL8qZTpSEXOPTxNKhASYpMn+8e5Q6AdndVa1dWek=
github.com/golang/protobuf v1.5.4/go.mod h1:lnTiLA8Wa4RWRcIUkrtSVa5nRhsEGBg48fD6rSs7xps=
github.com/google/go-cmp v0.7.0 h1:wk8382ETsv4JYUZwIsn6YpYiWiBsYLSJiTsyBybVuN8=
github.com/google/go-cmp v0.7.0/go.mod h1:pXiqmnSA92OHEEa9HXL2W4E7lf9JzCmGVUdgjX3N/iU=
github.com/google/s2a-go v0.1.9 h1:LGD7gtMgezd8a/Xak7mEWL0PjoTQFvpRudN895yqKW0=
github.com/google/s2a-go v0.1.9/go.mod h1:YA0Ei2ZQL3acow2O62kdp9UlnvMmU7kA6Eutn0dXayM=
github.com/google/uuid v1.6.0 h1:NIvaJDMOsjHA8n1jAhLSgzrAzy1Hgr+hNrb57e+94F0=
github.com/google/uuid v1.6.0/go.mod h1:TIyPZe4MgqvfeYDBFedMoGGpEw/LqOeaOT+nhxU+yHo=
github.com/googleapis/enterprise-certificate-proxy v0.3.14 h1:yh8ncqsbUY4shRD5dA6RlzjJaT4hi3kII+zYw8wmLb8=
github.com/googleapis/enterprise-certificate-proxy v0.3.14/go.mod h1:vqVt9yG9480NtzREnTlmGSBmFrA+bzb0yl0TxoBQXOg=
github.com/googleapis/gax-go/v2 v2.18.0 h1:jxP5Uuo3bxm3M6gGtV94P4lliVetoCB4Wk2x8QA86LI=
github.com/googleapis/gax-go/v2 v2.18.0/go.mod h1:uSzZN4a356eRG985CzJ3WfbFSpqkLTjsnhWGJR6EwrE=
github.com/gorilla/securecookie v1.1.1 h1:miw7JPhV+b/lAHSXz4qd/nN9jRiAFV5FwjeKyCS8BvQ=
github.com/gorilla/securecookie v1.1.1/go.mod h1:ra0sb63/xPlUeL+yeDciTfxMRAA+MP+HVt/4epWDjd4=
github.com/gorilla/sessions v1.2.1 h1:DHd3rPN5lE3Ts3D8rKkQ8x/0kqfeNmBAaiSi+o7FsgI=
github.com/gorilla/sessions v1.2.1/go.mod h1:dk2InVEVJ0sfLlnXv9EAgkf6ecYs/i80K/zI+bUmuGM=
github.com/hashicorp/go-cleanhttp v0.5.2 h1:035FKYIWjmULyFRBKPs8TBQoi0x6d9G4xc9neXJWAZQ=
github.com/hashicorp/go-cleanhttp v0.5.2/go.mod h1:kO/YDlP8L1346E6Sodw+PrpBSV4/SoxCXGY6BqNFT48=
github.com/hashicorp/go-uuid v1.0.2/go.mod h1:6SBZvOh/SIDV7/2o3Jml5SYk/TvGqwFJ/bN7x4byOro=
github.com/hashicorp/go-uuid v1.0.3 h1:2gKiV6YVmrJ1i2CKKa9obLvRieoRGviZFL26PcT/Co8=
github.com/hashicorp/go-uuid v1.0.3/go.mod h1:6SBZvOh/SIDV7/2o3Jml5SYk/TvGqwFJ/bN7x4byOro=
github.com/jcmturner/aescts/v2 v2.0.0 h1:9YKLH6ey7H4eDBXW8khjYslgyqG2xZikXP0EQFKrle8=
github.com/jcmturner/aescts/v2 v2.0.0/go.mod h1:AiaICIRyfYg35RUkr8yESTqvSy7csK90qZ5xfvvsoNs=
github.com/jcmturner/dnsutils/v2 v2.0.0 h1:lltnkeZGL0wILNvrNiVCR6Ro5PGU/SeBvVO/8c/iPbo=
github.com/jcmturner/dnsutils/v2 v2.0.0/go.mod h1:b0TnjGOvI/n42bZa+hmXL+kFJZsFT7G4t3HTlQ184QM=
github.com/jcmturner/gofork v1.7.6 h1:QH0l3hzAU1tfT3rZCnW5zXl+orbkNMMRGJfdJjHVETg=
github.com/jcmturner/gofork v1.7.6/go.mod h1:1622LH6i/EZqLloHfE7IeZ0uEJwMSUyQ/nDd82IeqRo=
github.com/jcmturner/goidentity/v6 v6.0.1 h1:VKnZd2oEIMorCTsFBnJWbExfNN7yZr3EhJAxwOkZg6o=
github.com/jcmturner/goidentity/v6 v6.0.1/go.mod h1:X1YW3bgtvwAXju7V3LCIMpY0Gbxyjn/mY9zx4tFonSg=
github.com/jcmturner/gokrb5/v8 v8.4.4 h1:x1Sv4HaTpepFkXbt2IkL29DXRf8sOfZXo8eRKh687T8=
github.com/jcmturner/gokrb5/v8 v8.4.4/go.mod h1:1btQEpgT6k+unzCwX1KdWMEwPPkkgBtP+F6aCACiMrs=
github.com/jcmturner/rpc/v2 v2.0.3 h1:7FXXj8Ti1IaVFpSAziCZWNzbNuZmnvw/i6CqLNdWfZY=
github.com/jcmturner/rpc/v2 v2.0.3/go.mod h1:VUJYCIDm3PVOEHw8sgt091/20OJjskO/YJki3ELg/Hc=
github.com/keybase/go-keychain v0.0.1 h1:way+bWYa6lDppZoZcgMbYsvC7GxljxrskdNInRtuthU=
github.com/keybase/go-keychain v0.0.1/go.mod h1:PdEILRW3i9D8JcdM+FmY6RwkHGnhHxXwkPPMeUgOK1k=
github.com/klauspost/compress v1.18.5 h1:/h1gH5Ce+VWNLSWqPzOVn6XBO+vJbCNGvjoaGBFW2IE=
github.com/klauspost/compress v1.18.5/go.mod h1:cwPg85FWrGar70rWktvGQj8/hthj3wpl0PGDogxkrSQ=
github.com/kr/pretty v0.3.1 h1:flRD4NNwYAUpkphVc1HcthR4KEIFJ65n8Mw5qdRn3LE=
github.com/kr/pretty v0.3.1/go.mod h1:hoEshYVHaxMs3cyo3Yncou5ZscifuDolrwPKZanG3xk=
github.com/kr/text v0.2.0 h1:5Nx0Ya0ZqY2ygV366QzturHI13Jq95ApcVaJBhpS+AY=
github.com/kr/text v0.2.0/go.mod h1:eLer722TekiGuMkidMxC/pM04lWEeraHUUmBw8l2grE=
github.com/kylelemons/godebug v1.1.0 h1:RPNrshWIDI6G2gRW9EHilWtl7Z6Sb1BR0xunSBf0SNc=
github.com/kylelemons/godebug v1.1.0/go.mod h1:9/0rRGxNHcop5bhtWyNeEfOS8JIWk580+fNqagV/RAw=
github.com/masterzen/simplexml v0.0.0-20190410153822-31eea3082786 h1:2ZKn+w/BJeL43sCxI2jhPLRv73oVVOjEKZjKkflyqxg=
github.com/masterzen/simplexml v0.0.0-20190410153822-31eea3082786/go.mod h1:kCEbxUJlNDEBNbdQMkPSp6yaKcRXVI6f4ddk8Riv4bc=
github.com/masterzen/winrm v0.0.0-20250927112105-5f8e6c707321 h1:AKIJL2PfBX2uie0Mn5pxtG1+zut3hAVMZbRfoXecFzI=
github.com/masterzen/winrm v0.0.0-20250927112105-5f8e6c707321/go.mod h1:JajVhkiG2bYSNYYPYuWG7WZHr42CTjMTcCjfInRNCqc=
github.com/pkg/browser v0.0.0-20240102092130-5ac0b6a4141c h1:+mdjkGKdHQG3305AYmdv1U2eRNDiU2ErMBj1gwrq8eQ=
github.com/pkg/browser v0.0.0-20240102092130-5ac0b6a4141c/go.mod h1:7rwL4CYBLnjLxUqIJNnCWiEdr3bn6IUYi15bNlnbCCU=
github.com/planetscale/vtprotobuf v0.6.1-0.20240319094008-0393e58bdf10 h1:GFCKgmp0tecUJ0sJuv4pzYCqS9+RGSn52M3FUwPs+uo=
github.com/planetscale/vtprotobuf v0.6.1-0.20240319094008-0393e58bdf10/go.mod h1:t/avpk3KcrXxUnYOhZhMXJlSEyie6gQbtLq5NM3loB8=
github.com/pmezard/go-difflib v1.0.0 h1:4DBwDE0NGyQoBHbLQYPwSUPoCMWR5BEzIk/f1lZbAQM=
github.com/pmezard/go-difflib v1.0.0/go.mod h1:iKH77koFhYxTK1pcRnkKkqfTogsbg7gZNVY4sRDYZ/4=
github.com/richardlehane/mscfb v1.0.6 h1:eN3bvvZCp00bs7Zf52bxNwAx5lJDBK1tCuH19qq5aC8=
github.com/richardlehane/mscfb v1.0.6/go.mod h1:pe0+IUIc0AHh0+teNzBlJCtSyZdFOGgV4ZK9bsoV+Jo=
github.com/richardlehane/msoleps v1.0.6 h1:9BvkpjvD+iUBalUY4esMwv6uBkfOip/Lzvd93jvR9gg=
github.com/richardlehane/msoleps v1.0.6/go.mod h1:BWev5JBpU9Ko2WAgmZEuiz4/u3ZYTKbjLycmwiWUfWg=
github.com/rogpeppe/go-internal v1.14.1 h1:UQB4HGPB6osV0SQTLymcB4TgvyWu6ZyliaW0tI/otEQ=
github.com/rogpeppe/go-internal v1.14.1/go.mod h1:MaRKkUm5W0goXpeCfT7UZI6fk/L7L7so1lCWt35ZSgc=
github.com/stretchr/objx v0.1.0/go.mod h1:HFkY916IF+rwdDfMAkV7OtwuqBVzrE8GR6GFx+wExME=
github.com/stretchr/objx v0.4.0/go.mod h1:YvHI0jy2hoMjB+UWwv71VJQ9isScKT/TqJzVSSt89Yw=
github.com/stretchr/objx v0.5.0/go.mod h1:Yh+to48EsGEfYuaHDzXPcE3xhTkx73EhmCGUpEOglKo=
github.com/stretchr/testify v1.4.0/go.mod h1:j7eGeouHqKxXV5pUuKE4zz7dFj8WfuZ+81PSLYec5m4=
github.com/stretchr/testify v1.7.1/go.mod h1:6Fq8oRcR53rry900zMqJjRRixrwX3KX962/h/Wwjteg=
github.com/stretchr/testify v1.8.0/go.mod h1:yNjHg4UonilssWZ8iaSj1OCr/vHnekPRkoO+kdMU+MU=
github.com/stretchr/testify v1.8.1/go.mod h1:w2LPCIKwWwSfY2zedu0+kehJoqGctiVI29o6fzry7u4=
github.com/stretchr/testify v1.11.1 h1:7s2iGBzp5EwR7/aIZr8ao5+dra3wiQyKjjFuvgVKu7U=
github.com/stretchr/testify v1.11.1/go.mod h1:wZwfW3scLgRK+23gO65QZefKpKQRnfz6sD981Nm4B6U=
github.com/tidwall/transform v0.0.0-20201103190739-32f242e2dbde h1:AMNpJRc7P+GTwVbl8DkK2I9I8BBUzNiHuH/tlxrpan0=
github.com/tidwall/transform v0.0.0-20201103190739-32f242e2dbde/go.mod h1:MvrEmduDUz4ST5pGZ7CABCnOU5f3ZiOAZzT6b1A6nX8=
github.com/tiendc/go-deepcopy v1.7.2 h1:Ut2yYR7W9tWjTQitganoIue4UGxZwCcJy3orjrrIj44=
github.com/tiendc/go-deepcopy v1.7.2/go.mod h1:4bKjNC2r7boYOkD2IOuZpYjmlDdzjbpTRyCx+goBCJQ=
github.com/xuri/efp v0.0.1 h1:fws5Rv3myXyYni8uwj2qKjVaRP30PdjeYe2Y6FDsCL8=
github.com/xuri/efp v0.0.1/go.mod h1:ybY/Jr0T0GTCnYjKqmdwxyxn2BQf2RcQIIvex5QldPI=
github.com/xuri/excelize/v2 v2.10.1 h1:V62UlqopMqha3kOpnlHy2CcRVw1V8E63jFoWUmMzxN0=
github.com/xuri/excelize/v2 v2.10.1/go.mod h1:iG5tARpgaEeIhTqt3/fgXCGoBRt4hNXgCp3tfXKoOIc=
github.com/xuri/nfp v0.0.2-0.20250530014748-2ddeb826f9a9 h1:+C0TIdyyYmzadGaL/HBLbf3WdLgC29pgyhTjAT/0nuE=
github.com/xuri/nfp v0.0.2-0.20250530014748-2ddeb826f9a9/go.mod h1:WwHg+CVyzlv/TX9xqBFXEZAuxOPxn2k1GNHwG41IIUQ=
github.com/yuin/goldmark v1.4.13/go.mod h1:6yULJ656Px+3vBD8DxQVa3kxgyrAnzto9xy5taEt/CY=
go.opentelemetry.io/auto/sdk v1.2.1 h1:jXsnJ4Lmnqd11kwkBV2LgLoFMZKizbCi5fNZ/ipaZ64=
go.opentelemetry.io/auto/sdk v1.2.1/go.mod h1:KRTj+aOaElaLi+wW1kO/DZRXwkF4C5xPbEe3ZiIhN7Y=
go.opentelemetry.io/contrib/instrumentation/google.golang.org/grpc/otelgrpc v0.61.0 h1:q4XOmH/0opmeuJtPsbFNivyl7bCt7yRBbeEm2sC/XtQ=
go.opentelemetry.io/contrib/instrumentation/google.golang.org/grpc/otelgrpc v0.61.0/go.mod h1:snMWehoOh2wsEwnvvwtDyFCxVeDAODenXHtn5vzrKjo=
go.opentelemetry.io/contrib/instrumentation/net/http/otelhttp v0.61.0 h1:F7Jx+6hwnZ41NSFTO5q4LYDtJRXBf2PD0rNBkeB/lus=
go.opentelemetry.io/contrib/instrumentation/net/http/otelhttp v0.61.0/go.mod h1:UHB22Z8QsdRDrnAtX4PntOl36ajSxcdUMt1sF7Y6E7Q=
go.opentelemetry.io/otel v1.41.0 h1:YlEwVsGAlCvczDILpUXpIpPSL/VPugt7zHThEMLce1c=
go.opentelemetry.io/otel v1.41.0/go.mod h1:Yt4UwgEKeT05QbLwbyHXEwhnjxNO6D8L5PQP51/46dE=
go.opentelemetry.io/otel/metric v1.41.0 h1:rFnDcs4gRzBcsO9tS8LCpgR0dxg4aaxWlJxCno7JlTQ=
go.opentelemetry.io/otel/metric v1.41.0/go.mod h1:xPvCwd9pU0VN8tPZYzDZV/BMj9CM9vs00GuBjeKhJps=
go.opentelemetry.io/otel/sdk v1.39.0 h1:nMLYcjVsvdui1B/4FRkwjzoRVsMK8uL/cj0OyhKzt18=
go.opentelemetry.io/otel/sdk v1.39.0/go.mod h1:vDojkC4/jsTJsE+kh+LXYQlbL8CgrEcwmt1ENZszdJE=
go.opentelemetry.io/otel/sdk/metric v1.39.0 h1:cXMVVFVgsIf2YL6QkRF4Urbr/aMInf+2WKg+sEJTtB8=
go.opentelemetry.io/otel/sdk/metric v1.39.0/go.mod h1:xq9HEVH7qeX69/JnwEfp6fVq5wosJsY1mt4lLfYdVew=
go.opentelemetry.io/otel/trace v1.41.0 h1:Vbk2co6bhj8L59ZJ6/xFTskY+tGAbOnCtQGVVa9TIN0=
go.opentelemetry.io/otel/trace v1.41.0/go.mod h1:U1NU4ULCoxeDKc09yCWdWe+3QoyweJcISEVa1RBzOis=
golang.org/x/crypto v0.0.0-20190308221718-c2843e01d9a2/go.mod h1:djNgcEr1/C05ACkg1iLfiJU5Ep61QUkGW8qpdssI0+w=
golang.org/x/crypto v0.0.0-20210921155107-089bfa567519/go.mod h1:GvvjBRRGRdwPK5ydBHafDWAxML/pGHZbMvKqRZ5+Abc=
golang.org/x/crypto v0.6.0/go.mod h1:OFC/31mSvZgRz0V1QTNCzfAI1aIRzbiufJtkMIlEp58=
golang.org/x/crypto v0.49.0 h1:+Ng2ULVvLHnJ/ZFEq4KdcDd/cfjrrjjNSXNzxg0Y4U4=
golang.org/x/crypto v0.49.0/go.mod h1:ErX4dUh2UM+CFYiXZRTcMpEcN8b/1gxEuv3nODoYtCA=
golang.org/x/image v0.25.0 h1:Y6uW6rH1y5y/LK1J8BPWZtr6yZ7hrsy6hFrXjgsc2fQ=
golang.org/x/image v0.25.0/go.mod h1:tCAmOEGthTtkalusGp1g3xa2gke8J6c2N565dTyl9Rs=
golang.org/x/mod v0.6.0-dev.0.20220419223038-86c51ed26bb4/go.mod h1:jJ57K6gSWd91VN4djpZkiMVwK6gcyfeH4XE8wZrZaV4=
golang.org/x/net v0.0.0-20190620200207-3b0461eec859/go.mod h1:z5CRVTTTmAJ677TzLLGU+0bjPO0LkuOLi4/5GtJWs/s=
golang.org/x/net v0.0.0-20200114155413-6afb5195e5aa/go.mod h1:z5CRVTTTmAJ677TzLLGU+0bjPO0LkuOLi4/5GtJWs/s=
golang.org/x/net v0.0.0-20210226172049-e18ecbb05110/go.mod h1:m0MpNAwzfU5UDzcl9v0D8zg8gWTRqZa9RBIspLL5mdg=
golang.org/x/net v0.0.0-20220722155237-a158d28d115b/go.mod h1:XRhObCWvk6IyKnWLug+ECip1KBveYUHfp+8e9klMJ9c=
golang.org/x/net v0.6.0/go.mod h1:2Tu9+aMcznHK/AK1HMvgo6xiTLG5rD5rZLDS+rp2Bjs=
golang.org/x/net v0.7.0/go.mod h1:2Tu9+aMcznHK/AK1HMvgo6xiTLG5rD5rZLDS+rp2Bjs=
golang.org/x/net v0.52.0 h1:He/TN1l0e4mmR3QqHMT2Xab3Aj3L9qjbhRm78/6jrW0=
golang.org/x/net v0.52.0/go.mod h1:R1MAz7uMZxVMualyPXb+VaqGSa3LIaUqk0eEt3w36Sw=
golang.org/x/oauth2 v0.36.0 h1:peZ/1z27fi9hUOFCAZaHyrpWG5lwe0RJEEEeH0ThlIs=
golang.org/x/oauth2 v0.36.0/go.mod h1:YDBUJMTkDnJS+A4BP4eZBjCqtokkg1hODuPjwiGPO7Q=
golang.org/x/sync v0.0.0-20190423024810-112230192c58/go.mod h1:RxMgew5VJxzue5/jJTE5uejpjVlOe/izrB70Jof72aM=
golang.org/x/sync v0.0.0-20220722155255-886fb9371eb4/go.mod h1:RxMgew5VJxzue5/jJTE5uejpjVlOe/izrB70Jof72aM=
golang.org/x/sync v0.20.0 h1:e0PTpb7pjO8GAtTs2dQ6jYa5BWYlMuX047Dco/pItO4=
golang.org/x/sync v0.20.0/go.mod h1:9xrNwdLfx4jkKbNva9FpL6vEN7evnE43NNNJQ2LF3+0=
golang.org/x/sys v0.0.0-20190215142949-d0b11bdaac8a/go.mod h1:STP8DvDyc/dI5b8T5hshtkjS+E42TnysNCUPdjciGhY=
golang.org/x/sys v0.0.0-20201119102817-f84b799fce68/go.mod h1:h1NjWce9XRLGQEsW7wpKNCjG9DtNlClVuFLEZdDNbEs=
golang.org/x/sys v0.0.0-20210615035016-665e8c7367d1/go.mod h1:oPkhp1MJrh7nUepCBck5+mAzfO9JrbApNNgaTdGDITg=
golang.org/x/sys v0.0.0-20220520151302-bc2c85ada10a/go.mod h1:oPkhp1MJrh7nUepCBck5+mAzfO9JrbApNNgaTdGDITg=
golang.org/x/sys v0.0.0-20220722155257-8c9f86f7a55f/go.mod h1:oPkhp1MJrh7nUepCBck5+mAzfO9JrbApNNgaTdGDITg=
golang.org/x/sys v0.1.0/go.mod h1:oPkhp1MJrh7nUepCBck5+mAzfO9JrbApNNgaTdGDITg=
golang.org/x/sys v0.5.0/go.mod h1:oPkhp1MJrh7nUepCBck5+mAzfO9JrbApNNgaTdGDITg=
golang.org/x/sys v0.42.0 h1:omrd2nAlyT5ESRdCLYdm3+fMfNFE/+Rf4bDIQImRJeo=
golang.org/x/sys v0.42.0/go.mod h1:4GL1E5IUh+htKOUEOaiffhrAeqysfVGipDYzABqnCmw=
golang.org/x/term v0.0.0-20201126162022-7de9c90e9dd1/go.mod h1:bj7SfCRtBDWHUb9snDiAeCFNEtKQo2Wmx5Cou7ajbmo=
golang.org/x/term v0.0.0-20210927222741-03fcf44c2211/go.mod h1:jbD1KX2456YbFQfuXm/mYQcufACuNUgVhRMnK/tPxf8=
golang.org/x/term v0.5.0/go.mod h1:jMB1sMXY+tzblOD4FWmEbocvup2/aLOaQEp7JmGp78k=
golang.org/x/text v0.3.0/go.mod h1:NqM8EUOU14njkJ3fqMW+pc6Ldnwhi/IjpwHt7yyuwOQ=
golang.org/x/text v0.3.3/go.mod h1:5Zoc/QRtKVWzQhOtBMvqHzDpF6irO9z98xDceosuGiQ=
golang.org/x/text v0.3.7/go.mod h1:u+2+/6zg+i71rQMx5EYifcz6MCKuco9NR6JIITiCfzQ=
golang.org/x/text v0.7.0/go.mod h1:mrYo+phRRbMaCq/xk9113O4dZlRixOauAjOtrjsXDZ8=
golang.org/x/text v0.35.0 h1:JOVx6vVDFokkpaq1AEptVzLTpDe9KGpj5tR4/X+ybL8=
golang.org/x/text v0.35.0/go.mod h1:khi/HExzZJ2pGnjenulevKNX1W67CUy0AsXcNubPGCA=
golang.org/x/time v0.15.0 h1:bbrp8t3bGUeFOx08pvsMYRTCVSMk89u4tKbNOZbp88U=
golang.org/x/time v0.15.0/go.mod h1:Y4YMaQmXwGQZoFaVFk4YpCt4FLQMYKZe9oeV/f4MSno=
golang.org/x/tools v0.0.0-20180917221912-90fa682c2a6e/go.mod h1:n7NCudcB/nEzxVGmLbDWY5pfWTLqBcC2KZ6jyYvM4mQ=
golang.org/x/tools v0.0.0-20191119224855-298f0cb1881e/go.mod h1:b+2E5dAYhXwXZwtnZ6UAqBI28+e2cm9otk0dWdXHAEo=
golang.org/x/tools v0.1.12/go.mod h1:hNGJHUnrk76NpqgfD5Aqm5Crs+Hm0VOH/i9J2+nxYbc=
golang.org/x/xerrors v0.0.0-20190717185122-a985d3407aa7/go.mod h1:I/5z698sn9Ka8TeJc9MKroUUfqBBauWjQqLJ2OPfmY0=
gonum.org/v1/gonum v0.16.0 h1:5+ul4Swaf3ESvrOnidPp4GZbzf0mxVQpDCYUQE7OJfk=
gonum.org/v1/gonum v0.16.0/go.mod h1:fef3am4MQ93R2HHpKnLk4/Tbh/s0+wqD5nfa6Pnwy4E=
google.golang.org/api v0.272.0 h1:eLUQZGnAS3OHn31URRf9sAmRk3w2JjMx37d2k8AjJmA=
google.golang.org/api v0.272.0/go.mod h1:wKjowi5LNJc5qarNvDCvNQBn3rVK8nSy6jg2SwRwzIA=
google.golang.org/genproto v0.0.0-20260217215200-42d3e9bedb6d h1:vsOm753cOAMkt76efriTCDKjpCbK18XGHMJHo0JUKhc=
google.golang.org/genproto v0.0.0-20260217215200-42d3e9bedb6d/go.mod h1:0oz9d7g9QLSdv9/lgbIjowW1JoxMbxmBVNe8i6tORJI=
google.golang.org/genproto/googleapis/api v0.0.0-20260226221140-a57be14db171 h1:tu/dtnW1o3wfaxCOjSLn5IRX4YDcJrtlpzYkhHhGaC4=
google.golang.org/genproto/googleapis/api v0.0.0-20260226221140-a57be14db171/go.mod h1:M5krXqk4GhBKvB596udGL3UyjL4I1+cTbK0orROM9ng=
google.golang.org/genproto/googleapis/rpc v0.0.0-20260311181403-84a4fc48630c h1:xgCzyF2LFIO/0X2UAoVRiXKU5Xg6VjToG4i2/ecSswk=
google.golang.org/genproto/googleapis/rpc v0.0.0-20260311181403-84a4fc48630c/go.mod h1:4Hqkh8ycfw05ld/3BWL7rJOSfebL2Q+DVDeRgYgxUU8=
google.golang.org/grpc v1.79.3 h1:sybAEdRIEtvcD68Gx7dmnwjZKlyfuc61Dyo9pGXXkKE=
google.golang.org/grpc v1.79.3/go.mod h1:KmT0Kjez+0dde/v2j9vzwoAScgEPx/Bw1CYChhHLrHQ=
google.golang.org/protobuf v1.36.11 h1:fV6ZwhNocDyBLK0dj+fg8ektcVegBBuEolpbTQyBNVE=
google.golang.org/protobuf v1.36.11/go.mod h1:HTf+CrKn2C3g5S8VImy6tdcUvCska2kB7j23XfzDpco=
gopkg.in/check.v1 v0.0.0-20161208181325-20d25e280405/go.mod h1:Co6ibVJAznAaIkqp8huTwlJQCZ016jof/cbN4VW5Yz0=
gopkg.in/check.v1 v1.0.0-20201130134442-10cb98267c6c h1:Hei/4ADfdWqJk1ZMxUNpqntNwaWcugrBjAiHlqqRiVk=
gopkg.in/check.v1 v1.0.0-20201130134442-10cb98267c6c/go.mod h1:JHkPIbrfpd72SG/EVd6muEfDQjcINNoR0C8j2r3qZ4Q=
gopkg.in/yaml.v2 v2.2.2/go.mod h1:hI93XBmqTisBFMUTm0b8Fm+jr3Dg1NNxqwp+5A1VGuI=
gopkg.in/yaml.v3 v3.0.0-20200313102051-9f266ea9e77c/go.mod h1:K4uyk7z7BCEPqu6E+C64Yfv1cQ7kz7rIZviUmN+EgEM=
gopkg.in/yaml.v3 v3.0.1 h1:fxVm/GzAzEWqLHuvctI91KS9hhNmmWOoWu0XTYJS7CA=
gopkg.in/yaml.v3 v3.0.1/go.mod h1:K4uyk7z7BCEPqu6E+C64Yfv1cQ7kz7rIZviUmN+EgEM=
